
Microsoft Visual Studio Solution File, Format Version 12.00
# Visual Studio Version 16
VisualStudioVersion = 16.0.31025.194
MinimumVisualStudioVersion = 10.0.40219.1
Project("{FAE04EC0-301F-11D3-BF4B-00C04F79EFBC}") = "AlloySample", "AlloySample\AlloySample.csproj", "{C1FE7FA5-C9FF-473A-AD9C-C08347D63631}"
EndProject
Project("{FAE04EC0-301F-11D3-BF4B-00C04F79EFBC}") = "ContentChildrenGrouping.VirtualContainers", "ContentChildrenGrouping.VirtualContainers\ContentChildrenGrouping.VirtualContainers.csproj", "{2866667B-7D2A-49CF-9352-CEB3E4D121C9}"
EndProject
Project("{FAE04EC0-301F-11D3-BF4B-00C04F79EFBC}") = "ContentChildrenGrouping.VirtualContainers.Tests", "ContentChildrenGrouping.VirtualContainers.Tests\ContentChildrenGrouping.VirtualContainers.Tests.csproj", "{962AF034-C2A7-4910-9F68-8D06A59EFE46}"
EndProject
Global
	GlobalSection(SolutionConfigurationPlatforms) = preSolution
		Debug|Any CPU = Debug|Any CPU
		Release|Any CPU = Release|Any CPU
	EndGlobalSection
	GlobalSection(ProjectConfigurationPlatforms) = postSolution
		{C1FE7FA5-C9FF-473A-AD9C-C08347D63631}.Debug|Any CPU.ActiveCfg = Debug|Any CPU
		{C1FE7FA5-C9FF-473A-AD9C-C08347D63631}.Debug|Any CPU.Build.0 = Debug|Any CPU
		{C1FE7FA5-C9FF-473A-AD9C-C08347D63631}.Release|Any CPU.ActiveCfg = Release|Any CPU
		{C1FE7FA5-C9FF-473A-AD9C-C08347D63631}.Release|Any CPU.Build.0 = Release|Any CPU
		{2866667B-7D2A-49CF-9352-CEB3E4D121C9}.Debug|Any CPU.ActiveCfg = Debug|Any CPU
		{2866667B-7D2A-49CF-9352-CEB3E4D121C9}.Debug|Any CPU.Build.0 = Debug|Any CPU
		{2866667B-7D2A-49CF-9352-CEB3E4D121C9}.Release|Any CPU.ActiveCfg = Release|Any CPU
		{2866667B-7D2A-49CF-9352-CEB3E4D121C9}.Release|Any CPU.Build.0 = Release|Any CPU
		{962AF034-C2A7-4910-9F68-8D06A59EFE46}.Debug|Any CPU.ActiveCfg = Debug|Any CPU
		{962AF034-C2A7-4910-9F68-8D06A59EFE46}.Debug|Any CPU.Build.0 = Debug|Any CPU
		{962AF034-C2A7-4910-9F68-8D06A59EFE46}.Release|Any CPU.ActiveCfg = Release|Any CPU
		{962AF034-C2A7-4910-9F68-8D06A59EFE46}.Release|Any CPU.Build.0 = Release|Any CPU
	EndGlobalSection
	GlobalSection(SolutionProperties) = preSolution
		HideSolutionNode = FALSE
	EndGlobalSection
	GlobalSection(ExtensibilityGlobals) = postSolution
		SolutionGuid = {7318F4C3-DD77-454F-88BB-D283E599634C}
	EndGlobalSection
EndGlobal
